
Microsoft Visual Studio Solution File, Format Version 12.00
# Visual Studio Version 17
VisualStudioVersion = 17.14.37301.10 d17.14
MinimumVisualStudioVersion = 10.0.40219.1
Project("{FAE04EC0-301F-11D3-BF4B-00C04F79EFBC}") = "ConsoleApp1", "ConsoleApp1\ConsoleApp1.csproj", "{B2267398-1DE3-4B93-A58D-792DA2E2A62F}"
EndProject
Global
	GlobalSection(SolutionConfigurationPlatforms) = preSolution
		Debug|Any CPU = Debug|Any CPU
		Release|Any CPU = Release|Any CPU
	EndGlobalSection
	GlobalSection(ProjectConfigurationPlatforms) = postSolution
		{B2267398-1DE3-4B93-A58D-792DA2E2A62F}.Debug|Any CPU.ActiveCfg = Debug|Any CPU
		{B2267398-1DE3-4B93-A58D-792DA2E2A62F}.Debug|Any CPU.Build.0 = Debug|Any CPU
		{B2267398-1DE3-4B93-A58D-792DA2E2A62F}.Release|Any CPU.ActiveCfg = Release|Any CPU
		{B2267398-1DE3-4B93-A58D-792DA2E2A62F}.Release|Any CPU.Build.0 = Release|Any CPU
	EndGlobalSection
	GlobalSection(SolutionProperties) = preSolution
		HideSolutionNode = FALSE
	EndGlobalSection
	GlobalSection(ExtensibilityGlobals) = postSolution
		SolutionGuid = {D3C50B27-07C3-4A47-9C03-A3457ACADDC0}
	EndGlobalSection
EndGlobal
